// !$*UTF8*$!
{
	archiveVersion = 1;
	classes = {
	};
	objectVersion = 52;
	objects = {

/* Begin PBXBuildFile section */
		BA18B8292526287F00D8BBEE /* GithubJobsApp.swift in Sources */ = {isa = PBXBuildFile; fileRef = BA18B8282526287F00D8BBEE /* GithubJobsApp.swift */; };
		BA18B82B2526287F00D8BBEE /* JobsView.swift in Sources */ = {isa = PBXBuildFile; fileRef = BA18B82A2526287F00D8BBEE /* JobsView.swift */; };
		BA18B82D2526288100D8BBEE /* Assets.xcassets in Resources */ = {isa = PBXBuildFile; fileRef = BA18B82C2526288100D8BBEE /* Assets.xcassets */; };
		BA18B8302526288100D8BBEE /* Preview Assets.xcassets in Resources */ = {isa = PBXBuildFile; fileRef = BA18B82F2526288100D8BBEE /* Preview Assets.xcassets */; };
		BA18B83B2526288100D8BBEE /* GithubJobsTests.swift in Sources */ = {isa = PBXBuildFile; fileRef = BA18B83A2526288100D8BBEE /* GithubJobsTests.swift */; };
		BA18B8462526288100D8BBEE /* GithubJobsUITests.swift in Sources */ = {isa = PBXBuildFile; fileRef = BA18B8452526288100D8BBEE /* GithubJobsUITests.swift */; };
		BA18B85B25262B9100D8BBEE /* Job.swift in Sources */ = {isa = PBXBuildFile; fileRef = BA18B85A25262B9100D8BBEE /* Job.swift */; };
		BA18B86725262D2800D8BBEE /* JobsViewModel.swift in Sources */ = {isa = PBXBuildFile; fileRef = BA18B86625262D2800D8BBEE /* JobsViewModel.swift */; };
		BA18B86F25262DC900D8BBEE /* JobsService.swift in Sources */ = {isa = PBXBuildFile; fileRef = BA18B86E25262DC900D8BBEE /* JobsService.swift */; };
		BA18B899252636B600D8BBEE /* Constants.swift in Sources */ = {isa = PBXBuildFile; fileRef = BA18B898252636B600D8BBEE /* Constants.swift */; };
		BA18B8A72526493F00D8BBEE /* ApiClient.swift in Sources */ = {isa = PBXBuildFile; fileRef = BA18B8A62526493F00D8BBEE /* ApiClient.swift */; };
		BA18B8B825268BCF00D8BBEE /* Lottie in Frameworks */ = {isa = PBXBuildFile; productRef = BA18B8B725268BCF00D8BBEE /* Lottie */; };
		BA18B8BE25268BFF00D8BBEE /* SDWebImageSwiftUI in Frameworks */ = {isa = PBXBuildFile; productRef = BA18B8BD25268BFF00D8BBEE /* SDWebImageSwiftUI */; };
		BA18B8C625268CA400D8BBEE /* empty_state.json in Resources */ = {isa = PBXBuildFile; fileRef = BA18B8C425268CA400D8BBEE /* empty_state.json */; };
		BA18B8C725268CA400D8BBEE /* searching.json in Resources */ = {isa = PBXBuildFile; fileRef = BA18B8C525268CA400D8BBEE /* searching.json */; };
		BA18B8CC25268DD300D8BBEE /* LottieView.swift in Sources */ = {isa = PBXBuildFile; fileRef = BA18B8CB25268DD300D8BBEE /* LottieView.swift */; };
		BA18B8D12526966500D8BBEE /* EmptyState.swift in Sources */ = {isa = PBXBuildFile; fileRef = BA18B8D02526966500D8BBEE /* EmptyState.swift */; };
/* End PBXBuildFile section */

/* Begin PBXContainerItemProxy section */
		BA18B8372526288100D8BBEE /* PBXContainerItemProxy */ = {
			isa = PBXContainerItemProxy;
			containerPortal = BA18B81D2526287F00D8BBEE /* Project object */;
			proxyType = 1;
			remoteGlobalIDString = BA18B8242526287F00D8BBEE;
			remoteInfo = GithubJobs;
		};
		BA18B8422526288100D8BBEE /* PBXContainerItemProxy */ = {
			isa = PBXContainerItemProxy;
			containerPortal = BA18B81D2526287F00D8BBEE /* Project object */;
			proxyType = 1;
			remoteGlobalIDString = BA18B8242526287F00D8BBEE;
			remoteInfo = GithubJobs;
		};
/* End PBXContainerItemProxy section */

/* Begin PBXFileReference section */
		BA18B8252526287F00D8BBEE /* GithubJobs.app */ = {isa = PBXFileReference; explicitFileType = wrapper.application; includeInIndex = 0; path = GithubJobs.app; sourceTree = BUILT_PRODUCTS_DIR; };
		BA18B8282526287F00D8BBEE /* GithubJobsApp.swift */ = {isa = PBXFileReference; lastKnownFileType = sourcecode.swift; path = GithubJobsApp.swift; sourceTree = "<group>"; };
		BA18B82A2526287F00D8BBEE /* JobsView.swift */ = {isa = PBXFileReference; lastKnownFileType = sourcecode.swift; path = JobsView.swift; sourceTree = "<group>"; };
		BA18B82C2526288100D8BBEE /* Assets.xcassets */ = {isa = PBXFileReference; lastKnownFileType = folder.assetcatalog; path = Assets.xcassets; sourceTree = "<group>"; };
		BA18B82F2526288100D8BBEE /* Preview Assets.xcassets */ = {isa = PBXFileReference; lastKnownFileType = folder.assetcatalog; path = "Preview Assets.xcassets"; sourceTree = "<group>"; };
		BA18B8312526288100D8BBEE /* Info.plist */ = {isa = PBXFileReference; lastKnownFileType = text.plist.xml; path = Info.plist; sourceTree = "<group>"; };
		BA18B8362526288100D8BBEE /* GithubJobsTests.xctest */ = {isa = PBXFileReference; explicitFileType = wrapper.cfbundle; includeInIndex = 0; path = GithubJobsTests.xctest; sourceTree = BUILT_PRODUCTS_DIR; };
		BA18B83A2526288100D8BBEE /* GithubJobsTests.swift */ = {isa = PBXFileReference; lastKnownFileType = sourcecode.swift; path = GithubJobsTests.swift; sourceTree = "<group>"; };
		BA18B83C2526288100D8BBEE /* Info.plist */ = {isa = PBXFileReference; lastKnownFileType = text.plist.xml; path = Info.plist; sourceTree = "<group>"; };
		BA18B8412526288100D8BBEE /* GithubJobsUITests.xctest */ = {isa = PBXFileReference; explicitFileType = wrapper.cfbundle; includeInIndex = 0; path = GithubJobsUITests.xctest; sourceTree = BUILT_PRODUCTS_DIR; };
		BA18B8452526288100D8BBEE /* GithubJobsUITests.swift */ = {isa = PBXFileReference; lastKnownFileType = sourcecode.swift; path = GithubJobsUITests.swift; sourceTree = "<group>"; };
		BA18B8472526288100D8BBEE /* Info.plist */ = {isa = PBXFileReference; lastKnownFileType = text.plist.xml; path = Info.plist; sourceTree = "<group>"; };
		BA18B85A25262B9100D8BBEE /* Job.swift */ = {isa = PBXFileReference; lastKnownFileType = sourcecode.swift; path = Job.swift; sourceTree = "<group>"; };
		BA18B86625262D2800D8BBEE /* JobsViewModel.swift */ = {isa = PBXFileReference; lastKnownFileType = sourcecode.swift; path = JobsViewModel.swift; sourceTree = "<group>"; };
		BA18B86E25262DC900D8BBEE /* JobsService.swift */ = {isa = PBXFileReference; lastKnownFileType = sourcecode.swift; path = JobsService.swift; sourceTree = "<group>"; };
		BA18B87C25262EB300D8BBEE /* GithubJobs.entitlements */ = {isa = PBXFileReference; lastKnownFileType = text.plist.entitlements; path = GithubJobs.entitlements; sourceTree = "<group>"; };
		BA18B898252636B600D8BBEE /* Constants.swift */ = {isa = PBXFileReference; lastKnownFileType = sourcecode.swift; path = Constants.swift; sourceTree = "<group>"; };
		BA18B8A62526493F00D8BBEE /* ApiClient.swift */ = {isa = PBXFileReference; lastKnownFileType = sourcecode.swift; path = ApiClient.swift; sourceTree = "<group>"; };
		BA18B8C425268CA400D8BBEE /* empty_state.json */ = {isa = PBXFileReference; fileEncoding = 4; lastKnownFileType = text.json; path = empty_state.json; sourceTree = "<group>"; };
		BA18B8C525268CA400D8BBEE /* searching.json */ = {isa = PBXFileReference; fileEncoding = 4; lastKnownFileType = text.json; path = searching.json; sourceTree = "<group>"; };
		BA18B8CB25268DD300D8BBEE /* LottieView.swift */ = {isa = PBXFileReference; lastKnownFileType = sourcecode.swift; path = LottieView.swift; sourceTree = "<group>"; };
		BA18B8D02526966500D8BBEE /* EmptyState.swift */ = {isa = PBXFileReference; lastKnownFileType = sourcecode.swift; path = EmptyState.swift; sourceTree = "<group>"; };
/* End PBXFileReference section */

/* Begin PBXFrameworksBuildPhase section */
		BA18B8222526287F00D8BBEE /* Frameworks */ = {
			isa = PBXFrameworksBuildPhase;
			buildActionMask = 2147483647;
			files = (
				BA18B8BE25268BFF00D8BBEE /* SDWebImageSwiftUI in Frameworks */,
				BA18B8B825268BCF00D8BBEE /* Lottie in Frameworks */,
			);
			runOnlyForDeploymentPostprocessing = 0;
		};
		BA18B8332526288100D8BBEE /* Frameworks */ = {
			isa = PBXFrameworksBuildPhase;
			buildActionMask = 2147483647;
			files = (
			);
			runOnlyForDeploymentPostprocessing = 0;
		};
		BA18B83E2526288100D8BBEE /* Frameworks */ = {
			isa = PBXFrameworksBuildPhase;
			buildActionMask = 2147483647;
			files = (
			);
			runOnlyForDeploymentPostprocessing = 0;
		};
/* End PBXFrameworksBuildPhase section */

/* Begin PBXGroup section */
		BA18B81C2526287F00D8BBEE = {
			isa = PBXGroup;
			children = (
				BA18B8272526287F00D8BBEE /* GithubJobs */,
				BA18B8392526288100D8BBEE /* GithubJobsTests */,
				BA18B8442526288100D8BBEE /* GithubJobsUITests */,
				BA18B8262526287F00D8BBEE /* Products */,
			);
			sourceTree = "<group>";
		};
		BA18B8262526287F00D8BBEE /* Products */ = {
			isa = PBXGroup;
			children = (
				BA18B8252526287F00D8BBEE /* GithubJobs.app */,
				BA18B8362526288100D8BBEE /* GithubJobsTests.xctest */,
				BA18B8412526288100D8BBEE /* GithubJobsUITests.xctest */,
			);
			name = Products;
			sourceTree = "<group>";
		};
		BA18B8272526287F00D8BBEE /* GithubJobs */ = {
			isa = PBXGroup;
			children = (
				BA18B86525262CD200D8BBEE /* App */,
				BA18B87C25262EB300D8BBEE /* GithubJobs.entitlements */,
				BA18B85925262B6000D8BBEE /* Models */,
				BA18B82E2526288100D8BBEE /* Preview Content */,
				BA18B86425262CC700D8BBEE /* Service */,
				BA18B897252636A800D8BBEE /* Utils */,
				BA18B86325262CC100D8BBEE /* ViewModels */,
				BA18B86225262CB700D8BBEE /* Views */,
			);
			path = GithubJobs;
			sourceTree = "<group>";
		};
		BA18B82E2526288100D8BBEE /* Preview Content */ = {
			isa = PBXGroup;
			children = (
				BA18B82F2526288100D8BBEE /* Preview Assets.xcassets */,
			);
			path = "Preview Content";
			sourceTree = "<group>";
		};
		BA18B8392526288100D8BBEE /* GithubJobsTests */ = {
			isa = PBXGroup;
			children = (
				BA18B83A2526288100D8BBEE /* GithubJobsTests.swift */,
				BA18B83C2526288100D8BBEE /* Info.plist */,
			);
			path = GithubJobsTests;
			sourceTree = "<group>";
		};
		BA18B8442526288100D8BBEE /* GithubJobsUITests */ = {
			isa = PBXGroup;
			children = (
				BA18B8452526288100D8BBEE /* GithubJobsUITests.swift */,
				BA18B8472526288100D8BBEE /* Info.plist */,
			);
			path = GithubJobsUITests;
			sourceTree = "<group>";
		};
		BA18B85925262B6000D8BBEE /* Models */ = {
			isa = PBXGroup;
			children = (
				BA18B85A25262B9100D8BBEE /* Job.swift */,
			);
			path = Models;
			sourceTree = "<group>";
		};
		BA18B86225262CB700D8BBEE /* Views */ = {
			isa = PBXGroup;
			children = (
				BA18B82A2526287F00D8BBEE /* JobsView.swift */,
				BA18B8CB25268DD300D8BBEE /* LottieView.swift */,
				BA18B8D02526966500D8BBEE /* EmptyState.swift */,
			);
			path = Views;
			sourceTree = "<group>";
		};
		BA18B86325262CC100D8BBEE /* ViewModels */ = {
			isa = PBXGroup;
			children = (
				BA18B86625262D2800D8BBEE /* JobsViewModel.swift */,
			);
			path = ViewModels;
			sourceTree = "<group>";
		};
		BA18B86425262CC700D8BBEE /* Service */ = {
			isa = PBXGroup;
			children = (
				BA18B86E25262DC900D8BBEE /* JobsService.swift */,
				BA18B8A62526493F00D8BBEE /* ApiClient.swift */,
			);
			path = Service;
			sourceTree = "<group>";
		};
		BA18B86525262CD200D8BBEE /* App */ = {
			isa = PBXGroup;
			children = (
				BA18B8282526287F00D8BBEE /* GithubJobsApp.swift */,
				BA18B82C2526288100D8BBEE /* Assets.xcassets */,
				BA18B8312526288100D8BBEE /* Info.plist */,
			);
			path = App;
			sourceTree = "<group>";
		};
		BA18B897252636A800D8BBEE /* Utils */ = {
			isa = PBXGroup;
			children = (
				BA18B8C325268C8B00D8BBEE /* Animations */,
				BA18B898252636B600D8BBEE /* Constants.swift */,
			);
			path = Utils;
			sourceTree = "<group>";
		};
		BA18B8C325268C8B00D8BBEE /* Animations */ = {
			isa = PBXGroup;
			children = (
				BA18B8C425268CA400D8BBEE /* empty_state.json */,
				BA18B8C525268CA400D8BBEE /* searching.json */,
			);
			path = Animations;
			sourceTree = "<group>";
		};
/* End PBXGroup section */

/* Begin PBXNativeTarget section */
		BA18B8242526287F00D8BBEE /* GithubJobs */ = {
			isa = PBXNativeTarget;
			buildConfigurationList = BA18B84A2526288100D8BBEE /* Build configuration list for PBXNativeTarget "GithubJobs" */;
			buildPhases = (
				BA18B8212526287F00D8BBEE /* Sources */,
				BA18B8222526287F00D8BBEE /* Frameworks */,
				BA18B8232526287F00D8BBEE /* Resources */,
			);
			buildRules = (
			);
			dependencies = (
			);
			name = GithubJobs;
			packageProductDependencies = (
				BA18B8B725268BCF00D8BBEE /* Lottie */,
				BA18B8BD25268BFF00D8BBEE /* SDWebImageSwiftUI */,
			);
			productName = GithubJobs;
			productReference = BA18B8252526287F00D8BBEE /* GithubJobs.app */;
			productType = "com.apple.product-type.application";
		};
		BA18B8352526288100D8BBEE /* GithubJobsTests */ = {
			isa = PBXNativeTarget;
			buildConfigurationList = BA18B84D2526288100D8BBEE /* Build configuration list for PBXNativeTarget "GithubJobsTests" */;
			buildPhases = (
				BA18B8322526288100D8BBEE /* Sources */,
				BA18B8332526288100D8BBEE /* Frameworks */,
				BA18B8342526288100D8BBEE /* Resources */,
			);
			buildRules = (
			);
			dependencies = (
				BA18B8382526288100D8BBEE /* PBXTargetDependency */,
			);
			name = GithubJobsTests;
			productName = GithubJobsTests;
			productReference = BA18B8362526288100D8BBEE /* GithubJobsTests.xctest */;
			productType = "com.apple.product-type.bundle.unit-test";
		};
		BA18B8402526288100D8BBEE /* GithubJobsUITests */ = {
			isa = PBXNativeTarget;
			buildConfigurationList = BA18B8502526288100D8BBEE /* Build configuration list for PBXNativeTarget "GithubJobsUITests" */;
			buildPhases = (
				BA18B83D2526288100D8BBEE /* Sources */,
				BA18B83E2526288100D8BBEE /* Frameworks */,
				BA18B83F2526288100D8BBEE /* Resources */,
			);
			buildRules = (
			);
			dependencies = (
				BA18B8432526288100D8BBEE /* PBXTargetDependency */,
			);
			name = GithubJobsUITests;
			productName = GithubJobsUITests;
			productReference = BA18B8412526288100D8BBEE /* GithubJobsUITests.xctest */;
			productType = "com.apple.product-type.bundle.ui-testing";
		};
/* End PBXNativeTarget section */

/* Begin PBXProject section */
		BA18B81D2526287F00D8BBEE /* Project object */ = {
			isa = PBXProject;
			attributes = {
				LastSwiftUpdateCheck = 1200;
				LastUpgradeCheck = 1200;
				TargetAttributes = {
					BA18B8242526287F00D8BBEE = {
						CreatedOnToolsVersion = 12.0.1;
					};
					BA18B8352526288100D8BBEE = {
						CreatedOnToolsVersion = 12.0.1;
						TestTargetID = BA18B8242526287F00D8BBEE;
					};
					BA18B8402526288100D8BBEE = {
						CreatedOnToolsVersion = 12.0.1;
						TestTargetID = BA18B8242526287F00D8BBEE;
					};
				};
			};
			buildConfigurationList = BA18B8202526287F00D8BBEE /* Build configuration list for PBXProject "GithubJobs" */;
			compatibilityVersion = "Xcode 9.3";
			developmentRegion = en;
			hasScannedForEncodings = 0;
			knownRegions = (
				en,
				Base,
			);
			mainGroup = BA18B81C2526287F00D8BBEE;
			packageReferences = (
				BA18B8B625268BCF00D8BBEE /* XCRemoteSwiftPackageReference "lottie-ios" */,
				BA18B8BC25268BFF00D8BBEE /* XCRemoteSwiftPackageReference "SDWebImageSwiftUI" */,
			);
			productRefGroup = BA18B8262526287F00D8BBEE /* Products */;
			projectDirPath = "";
			projectRoot = "";
			targets = (
				BA18B8242526287F00D8BBEE /* GithubJobs */,
				BA18B8352526288100D8BBEE /* GithubJobsTests */,
				BA18B8402526288100D8BBEE /* GithubJobsUITests */,
			);
		};
/* End PBXProject section */

/* Begin PBXResourcesBuildPhase section */
		BA18B8232526287F00D8BBEE /* Resources */ = {
			isa = PBXResourcesBuildPhase;
			buildActionMask = 2147483647;
			files = (
				BA18B8302526288100D8BBEE /* Preview Assets.xcassets in Resources */,
				BA18B82D2526288100D8BBEE /* Assets.xcassets in Resources */,
				BA18B8C725268CA400D8BBEE /* searching.json in Resources */,
				BA18B8C625268CA400D8BBEE /* empty_state.json in Resources */,
			);
			runOnlyForDeploymentPostprocessing = 0;
		};
		BA18B8342526288100D8BBEE /* Resources */ = {
			isa = PBXResourcesBuildPhase;
			buildActionMask = 2147483647;
			files = (
			);
			runOnlyForDeploymentPostprocessing = 0;
		};
		BA18B83F2526288100D8BBEE /* Resources */ = {
			isa = PBXResourcesBuildPhase;
			buildActionMask = 2147483647;
			files = (
			);
			runOnlyForDeploymentPostprocessing = 0;
		};
/* End PBXResourcesBuildPhase section */

/* Begin PBXSourcesBuildPhase section */
		BA18B8212526287F00D8BBEE /* Sources */ = {
			isa = PBXSourcesBuildPhase;
			buildActionMask = 2147483647;
			files = (
				BA18B82B2526287F00D8BBEE /* JobsView.swift in Sources */,
				BA18B85B25262B9100D8BBEE /* Job.swift in Sources */,
				BA18B8A72526493F00D8BBEE /* ApiClient.swift in Sources */,
				BA18B86725262D2800D8BBEE /* JobsViewModel.swift in Sources */,
				BA18B899252636B600D8BBEE /* Constants.swift in Sources */,
				BA18B8292526287F00D8BBEE /* GithubJobsApp.swift in Sources */,
				BA18B8D12526966500D8BBEE /* EmptyState.swift in Sources */,
				BA18B86F25262DC900D8BBEE /* JobsService.swift in Sources */,
				BA18B8CC25268DD300D8BBEE /* LottieView.swift in Sources */,
			);
			runOnlyForDeploymentPostprocessing = 0;
		};
		BA18B8322526288100D8BBEE /* Sources */ = {
			isa = PBXSourcesBuildPhase;
			buildActionMask = 2147483647;
			files = (
				BA18B83B2526288100D8BBEE /* GithubJobsTests.swift in Sources */,
			);
			runOnlyForDeploymentPostprocessing = 0;
		};
		BA18B83D2526288100D8BBEE /* Sources */ = {
			isa = PBXSourcesBuildPhase;
			buildActionMask = 2147483647;
			files = (
				BA18B8462526288100D8BBEE /* GithubJobsUITests.swift in Sources */,
			);
			runOnlyForDeploymentPostprocessing = 0;
		};
/* End PBXSourcesBuildPhase section */

/* Begin PBXTargetDependency section */
		BA18B8382526288100D8BBEE /* PBXTargetDependency */ = {
			isa = PBXTargetDependency;
			target = BA18B8242526287F00D8BBEE /* GithubJobs */;
			targetProxy = BA18B8372526288100D8BBEE /* PBXContainerItemProxy */;
		};
		BA18B8432526288100D8BBEE /* PBXTargetDependency */ = {
			isa = PBXTargetDependency;
			target = BA18B8242526287F00D8BBEE /* GithubJobs */;
			targetProxy = BA18B8422526288100D8BBEE /* PBXContainerItemProxy */;
		};
/* End PBXTargetDependency section */

/* Begin XCBuildConfiguration section */
		BA18B8482526288100D8BBEE /* Debug */ = {
			isa = XCBuildConfiguration;
			buildSettings = {
				ALWAYS_SEARCH_USER_PATHS = NO;
				CLANG_ANALYZER_NONNULL = YES;
				CLANG_ANALYZER_NUMBER_OBJECT_CONVERSION = YES_AGGRESSIVE;
				CLANG_CXX_LANGUAGE_STANDARD = "gnu++14";
				CLANG_CXX_LIBRARY = "libc++";
				CLANG_ENABLE_MODULES = YES;
				CLANG_ENABLE_OBJC_ARC = YES;
				CLANG_ENABLE_OBJC_WEAK = YES;
				CLANG_WARN_BLOCK_CAPTURE_AUTORELEASING = YES;
				CLANG_WARN_BOOL_CONVERSION = YES;
				CLANG_WARN_COMMA = YES;
				CLANG_WARN_CONSTANT_CONVERSION = YES;
				CLANG_WARN_DEPRECATED_OBJC_IMPLEMENTATIONS = YES;
				CLANG_WARN_DIRECT_OBJC_ISA_USAGE = YES_ERROR;
				CLANG_WARN_DOCUMENTATION_COMMENTS = YES;
				CLANG_WARN_EMPTY_BODY = YES;
				CLANG_WARN_ENUM_CONVERSION = YES;
				CLANG_WARN_INFINITE_RECURSION = YES;
				CLANG_WARN_INT_CONVERSION = YES;
				CLANG_WARN_NON_LITERAL_NULL_CONVERSION = YES;
				CLANG_WARN_OBJC_IMPLICIT_RETAIN_SELF = YES;
				CLANG_WARN_OBJC_LITERAL_CONVERSION = YES;
				CLANG_WARN_OBJC_ROOT_CLASS = YES_ERROR;
				CLANG_WARN_QUOTED_INCLUDE_IN_FRAMEWORK_HEADER = YES;
				CLANG_WARN_RANGE_LOOP_ANALYSIS = YES;
				CLANG_WARN_STRICT_PROTOTYPES = YES;
				CLANG_WARN_SUSPICIOUS_MOVE = YES;
				CLANG_WARN_UNGUARDED_AVAILABILITY = YES_AGGRESSIVE;
				CLANG_WARN_UNREACHABLE_CODE = YES;
				CLANG_WARN__DUPLICATE_METHOD_MATCH = YES;
				COPY_PHASE_STRIP = NO;
				DEBUG_INFORMATION_FORMAT = dwarf;
				ENABLE_STRICT_OBJC_MSGSEND = YES;
				ENABLE_TESTABILITY = YES;
				GCC_C_LANGUAGE_STANDARD = gnu11;
				GCC_DYNAMIC_NO_PIC = NO;
				GCC_NO_COMMON_BLOCKS = YES;
				GCC_OPTIMIZATION_LEVEL = 0;
				GCC_PREPROCESSOR_DEFINITIONS = (
					"DEBUG=1",
					"$(inherited)",
				);
				GCC_WARN_64_TO_32_BIT_CONVERSION = YES;
				GCC_WARN_ABOUT_RETURN_TYPE = YES_ERROR;
				GCC_WARN_UNDECLARED_SELECTOR = YES;
				GCC_WARN_UNINITIALIZED_AUTOS = YES_AGGRESSIVE;
				GCC_WARN_UNUSED_FUNCTION = YES;
				GCC_WARN_UNUSED_VARIABLE = YES;
				IPHONEOS_DEPLOYMENT_TARGET = 14.0;
				MTL_ENABLE_DEBUG_INFO = INCLUDE_SOURCE;
				MTL_FAST_MATH = YES;
				ONLY_ACTIVE_ARCH = YES;
				SDKROOT = iphoneos;
				SWIFT_ACTIVE_COMPILATION_CONDITIONS = DEBUG;
				SWIFT_OPTIMIZATION_LEVEL = "-Onone";
			};
			name = Debug;
		};
		BA18B8492526288100D8BBEE /* Release */ = {
			isa = XCBuildConfiguration;
			buildSettings = {
				ALWAYS_SEARCH_USER_PATHS = NO;
				CLANG_ANALYZER_NONNULL = YES;
				CLANG_ANALYZER_NUMBER_OBJECT_CONVERSION = YES_AGGRESSIVE;
				CLANG_CXX_LANGUAGE_STANDARD = "gnu++14";
				CLANG_CXX_LIBRARY = "libc++";
				CLANG_ENABLE_MODULES = YES;
				CLANG_ENABLE_OBJC_ARC = YES;
				CLANG_ENABLE_OBJC_WEAK = YES;
				CLANG_WARN_BLOCK_CAPTURE_AUTORELEASING = YES;
				CLANG_WARN_BOOL_CONVERSION = YES;
				CLANG_WARN_COMMA = YES;
				CLANG_WARN_CONSTANT_CONVERSION = YES;
				CLANG_WARN_DEPRECATED_OBJC_IMPLEMENTATIONS = YES;
				CLANG_WARN_DIRECT_OBJC_ISA_USAGE = YES_ERROR;
				CLANG_WARN_DOCUMENTATION_COMMENTS = YES;
				CLANG_WARN_EMPTY_BODY = YES;
				CLANG_WARN_ENUM_CONVERSION = YES;
				CLANG_WARN_INFINITE_RECURSION = YES;
				CLANG_WARN_INT_CONVERSION = YES;
				CLANG_WARN_NON_LITERAL_NULL_CONVERSION = YES;
				CLANG_WARN_OBJC_IMPLICIT_RETAIN_SELF = YES;
				CLANG_WARN_OBJC_LITERAL_CONVERSION = YES;
				CLANG_WARN_OBJC_ROOT_CLASS = YES_ERROR;
				CLANG_WARN_QUOTED_INCLUDE_IN_FRAMEWORK_HEADER = YES;
				CLANG_WARN_RANGE_LOOP_ANALYSIS = YES;
				CLANG_WARN_STRICT_PROTOTYPES = YES;
				CLANG_WARN_SUSPICIOUS_MOVE = YES;
				CLANG_WARN_UNGUARDED_AVAILABILITY = YES_AGGRESSIVE;
				CLANG_WARN_UNREACHABLE_CODE = YES;
				CLANG_WARN__DUPLICATE_METHOD_MATCH = YES;
				COPY_PHASE_STRIP = NO;
				DEBUG_INFORMATION_FORMAT = "dwarf-with-dsym";
				ENABLE_NS_ASSERTIONS = NO;
				ENABLE_STRICT_OBJC_MSGSEND = YES;
				GCC_C_LANGUAGE_STANDARD = gnu11;
				GCC_NO_COMMON_BLOCKS = YES;
				GCC_WARN_64_TO_32_BIT_CONVERSION = YES;
				GCC_WARN_ABOUT_RETURN_TYPE = YES_ERROR;
				GCC_WARN_UNDECLARED_SELECTOR = YES;
				GCC_WARN_UNINITIALIZED_AUTOS = YES_AGGRESSIVE;
				GCC_WARN_UNUSED_FUNCTION = YES;
				GCC_WARN_UNUSED_VARIABLE = YES;
				IPHONEOS_DEPLOYMENT_TARGET = 14.0;
				MTL_ENABLE_DEBUG_INFO = NO;
				MTL_FAST_MATH = YES;
				SDKROOT = iphoneos;
				SWIFT_COMPILATION_MODE = wholemodule;
				SWIFT_OPTIMIZATION_LEVEL = "-O";
				VALIDATE_PRODUCT = YES;
			};
			name = Release;
		};
		BA18B84B2526288100D8BBEE /* Debug */ = {
			isa = XCBuildConfiguration;
			buildSettings = {
				ASSETCATALOG_COMPILER_APPICON_NAME = AppIcon;
				ASSETCATALOG_COMPILER_GLOBAL_ACCENT_COLOR_NAME = AccentColor;
				CODE_SIGN_ENTITLEMENTS = GithubJobs/GithubJobs.entitlements;
				CODE_SIGN_STYLE = Automatic;
				DEVELOPMENT_ASSET_PATHS = "\"GithubJobs/Preview Content\"";
				DEVELOPMENT_TEAM = 296QZ233WT;
				ENABLE_PREVIEWS = YES;
				INFOPLIST_FILE = GithubJobs/App/Info.plist;
				IPHONEOS_DEPLOYMENT_TARGET = 13.0;
				LD_RUNPATH_SEARCH_PATHS = (
					"$(inherited)",
					"@executable_path/Frameworks",
				);
				PRODUCT_BUNDLE_IDENTIFIER = com.andresrojas.githubjobs;
				PRODUCT_NAME = "$(TARGET_NAME)";
				SUPPORTS_MACCATALYST = YES;
				SWIFT_VERSION = 5.0;
				TARGETED_DEVICE_FAMILY = "1,2";
			};
			name = Debug;
		};
		BA18B84C2526288100D8BBEE /* Release */ = {
			isa = XCBuildConfiguration;
			buildSettings = {
				ASSETCATALOG_COMPILER_APPICON_NAME = AppIcon;
				ASSETCATALOG_COMPILER_GLOBAL_ACCENT_COLOR_NAME = AccentColor;
				CODE_SIGN_ENTITLEMENTS = GithubJobs/GithubJobs.entitlements;
				CODE_SIGN_STYLE = Automatic;
				DEVELOPMENT_ASSET_PATHS = "\"GithubJobs/Preview Content\"";
				DEVELOPMENT_TEAM = 296QZ233WT;
				ENABLE_PREVIEWS = YES;
				INFOPLIST_FILE = GithubJobs/App/Info.plist;
				IPHONEOS_DEPLOYMENT_TARGET = 13.0;
				LD_RUNPATH_SEARCH_PATHS = (
					"$(inherited)",
					"@executable_path/Frameworks",
				);
				PRODUCT_BUNDLE_IDENTIFIER = com.andresrojas.githubjobs;
				PRODUCT_NAME = "$(TARGET_NAME)";
				SUPPORTS_MACCATALYST = YES;
				SWIFT_VERSION = 5.0;
				TARGETED_DEVICE_FAMILY = "1,2";
			};
			name = Release;
		};
		BA18B84E2526288100D8BBEE /* Debug */ = {
			isa = XCBuildConfiguration;
			buildSettings = {
				ALWAYS_EMBED_SWIFT_STANDARD_LIBRARIES = YES;
				BUNDLE_LOADER = "$(TEST_HOST)";
				CODE_SIGN_STYLE = Automatic;
				DEVELOPMENT_TEAM = KL5CTQ2N5S;
				INFOPLIST_FILE = GithubJobsTests/Info.plist;
				IPHONEOS_DEPLOYMENT_TARGET = 14.0;
				LD_RUNPATH_SEARCH_PATHS = (
					"$(inherited)",
					"@executable_path/Frameworks",
					"@loader_path/Frameworks",
				);
				PRODUCT_BUNDLE_IDENTIFIER = com.andresrojas.GithubJobsTests;
				PRODUCT_NAME = "$(TARGET_NAME)";
				SWIFT_VERSION = 5.0;
				TARGETED_DEVICE_FAMILY = "1,2";
				TEST_HOST = "$(BUILT_PRODUCTS_DIR)/GithubJobs.app/GithubJobs";
			};
			name = Debug;
		};
		BA18B84F2526288100D8BBEE /* Release */ = {
			isa = XCBuildConfiguration;
			buildSettings = {
				ALWAYS_EMBED_SWIFT_STANDARD_LIBRARIES = YES;
				BUNDLE_LOADER = "$(TEST_HOST)";
				CODE_SIGN_STYLE = Automatic;
				DEVELOPMENT_TEAM = KL5CTQ2N5S;
				INFOPLIST_FILE = GithubJobsTests/Info.plist;
				IPHONEOS_DEPLOYMENT_TARGET = 14.0;
				LD_RUNPATH_SEARCH_PATHS = (
					"$(inherited)",
					"@executable_path/Frameworks",
					"@loader_path/Frameworks",
				);
				PRODUCT_BUNDLE_IDENTIFIER = com.andresrojas.GithubJobsTests;
				PRODUCT_NAME = "$(TARGET_NAME)";
				SWIFT_VERSION = 5.0;
				TARGETED_DEVICE_FAMILY = "1,2";
				TEST_HOST = "$(BUILT_PRODUCTS_DIR)/GithubJobs.app/GithubJobs";
			};
			name = Release;
		};
		BA18B8512526288100D8BBEE /* Debug */ = {
			isa = XCBuildConfiguration;
			buildSettings = {
				ALWAYS_EMBED_SWIFT_STANDARD_LIBRARIES = YES;
				CODE_SIGN_STYLE = Automatic;
				DEVELOPMENT_TEAM = KL5CTQ2N5S;
				INFOPLIST_FILE = GithubJobsUITests/Info.plist;
				LD_RUNPATH_SEARCH_PATHS = (
					"$(inherited)",
					"@executable_path/Frameworks",
					"@loader_path/Frameworks",
				);
				PRODUCT_BUNDLE_IDENTIFIER = com.andresrojas.GithubJobsUITests;
				PRODUCT_NAME = "$(TARGET_NAME)";
				SWIFT_VERSION = 5.0;
				TARGETED_DEVICE_FAMILY = "1,2";
				TEST_TARGET_NAME = GithubJobs;
			};
			name = Debug;
		};
		BA18B8522526288100D8BBEE /* Release */ = {
			isa = XCBuildConfiguration;
			buildSettings = {
				ALWAYS_EMBED_SWIFT_STANDARD_LIBRARIES = YES;
				CODE_SIGN_STYLE = Automatic;
				DEVELOPMENT_TEAM = KL5CTQ2N5S;
				INFOPLIST_FILE = GithubJobsUITests/Info.plist;
				LD_RUNPATH_SEARCH_PATHS = (
					"$(inherited)",
					"@executable_path/Frameworks",
					"@loader_path/Frameworks",
				);
				PRODUCT_BUNDLE_IDENTIFIER = com.andresrojas.GithubJobsUITests;
				PRODUCT_NAME = "$(TARGET_NAME)";
				SWIFT_VERSION = 5.0;
				TARGETED_DEVICE_FAMILY = "1,2";
				TEST_TARGET_NAME = GithubJobs;
			};
			name = Release;
		};
/* End XCBuildConfiguration section */

/* Begin XCConfigurationList section */
		BA18B8202526287F00D8BBEE /* Build configuration list for PBXProject "GithubJobs" */ = {
			isa = XCConfigurationList;
			buildConfigurations = (
				BA18B8482526288100D8BBEE /* Debug */,
				BA18B8492526288100D8BBEE /* Release */,
			);
			defaultConfigurationIsVisible = 0;
			defaultConfigurationName = Release;
		};
		BA18B84A2526288100D8BBEE /* Build configuration list for PBXNativeTarget "GithubJobs" */ = {
			isa = XCConfigurationList;
			buildConfigurations = (
				BA18B84B2526288100D8BBEE /* Debug */,
				BA18B84C2526288100D8BBEE /* Release */,
			);
			defaultConfigurationIsVisible = 0;
			defaultConfigurationName = Release;
		};
		BA18B84D2526288100D8BBEE /* Build configuration list for PBXNativeTarget "GithubJobsTests" */ = {
			isa = XCConfigurationList;
			buildConfigurations = (
				BA18B84E2526288100D8BBEE /* Debug */,
				BA18B84F2526288100D8BBEE /* Release */,
			);
			defaultConfigurationIsVisible = 0;
			defaultConfigurationName = Release;
		};
		BA18B8502526288100D8BBEE /* Build configuration list for PBXNativeTarget "GithubJobsUITests" */ = {
			isa = XCConfigurationList;
			buildConfigurations = (
				BA18B8512526288100D8BBEE /* Debug */,
				BA18B8522526288100D8BBEE /* Release */,
			);
			defaultConfigurationIsVisible = 0;
			defaultConfigurationName = Release;
		};
/* End XCConfigurationList section */

/* Begin XCRemoteSwiftPackageReference section */
		BA18B8B625268BCF00D8BBEE /* XCRemoteSwiftPackageReference "lottie-ios" */ = {
			isa = XCRemoteSwiftPackageReference;
			repositoryURL = "https://github.com/airbnb/lottie-ios";
			requirement = {
				kind = upToNextMajorVersion;
				minimumVersion = 3.1.8;
			};
		};
		BA18B8BC25268BFF00D8BBEE /* XCRemoteSwiftPackageReference "SDWebImageSwiftUI" */ = {
			isa = XCRemoteSwiftPackageReference;
			repositoryURL = "https://github.com/SDWebImage/SDWebImageSwiftUI.git";
			requirement = {
				kind = upToNextMajorVersion;
				minimumVersion = 1.5.0;
			};
		};
/* End XCRemoteSwiftPackageReference section */

/* Begin XCSwiftPackageProductDependency section */
		BA18B8B725268BCF00D8BBEE /* Lottie */ = {
			isa = XCSwiftPackageProductDependency;
			package = BA18B8B625268BCF00D8BBEE /* XCRemoteSwiftPackageReference "lottie-ios" */;
			productName = Lottie;
		};
		BA18B8BD25268BFF00D8BBEE /* SDWebImageSwiftUI */ = {
			isa = XCSwiftPackageProductDependency;
			package = BA18B8BC25268BFF00D8BBEE /* XCRemoteSwiftPackageReference "SDWebImageSwiftUI" */;
			productName = SDWebImageSwiftUI;
		};
/* End XCSwiftPackageProductDependency section */
	};
	rootObject = BA18B81D2526287F00D8BBEE /* Project object */;
}
